
Microsoft Visual Studio Solution File, Format Version 12.00
# Visual Studio 15
VisualStudioVersion = 15.0.28307.572
MinimumVisualStudioVersion = 10.0.40219.1
Project("{FAE04EC0-301F-11D3-BF4B-00C04F79EFBC}") = "Lab.Library.Data.Contracts", "Lab.Library.Data.Contracts\Lab.Library.Data.Contracts.csproj", "{42D8F37E-165C-4F3F-82B4-290DFEF28D6A}"
EndProject
Project("{FAE04EC0-301F-11D3-BF4B-00C04F79EFBC}") = "Lab.Library.Data.EntityFramework", "Lab.Library.Data.EntityFramework\Lab.Library.Data.EntityFramework.csproj", "{2E795894-99E8-4706-9F50-F30F6AB573FD}"
EndProject
Project("{FAE04EC0-301F-11D3-BF4B-00C04F79EFBC}") = "Lab.Library.Domain.Contracts", "Lab.Library.Domain.Contracts\Lab.Library.Domain.Contracts.csproj", "{DC8CE94F-8F60-47F3-9E2A-3323DB185D3B}"
EndProject
Project("{FAE04EC0-301F-11D3-BF4B-00C04F79EFBC}") = "Lab.Library.Domain.Services", "Lab.Library.Domain.Services\Lab.Library.Domain.Services.csproj", "{1075872F-F4FF-44E4-AD8D-F7925F9AD413}"
EndProject
Project("{FAE04EC0-301F-11D3-BF4B-00C04F79EFBC}") = "Lab.Library.Infrastructure", "Lab.Library.Infrastructure\Lab.Library.Infrastructure.csproj", "{60BD7128-A6D6-4E3D-9FAF-F990DB22BD17}"
EndProject
Project("{FAE04EC0-301F-11D3-BF4B-00C04F79EFBC}") = "Lab.Library.Web", "Lab.Library.Web\Lab.Library.Web.csproj", "{C3DF66D4-07D6-47DE-9F63-7EA7C923D64D}"
EndProject
Project("{FAE04EC0-301F-11D3-BF4B-00C04F79EFBC}") = "TestConsole", "TestConsole\TestConsole.csproj", "{FEC99417-C433-4AFE-938A-DAC5AE6CC6F2}"
EndProject
Global
	GlobalSection(SolutionConfigurationPlatforms) = preSolution
		Debug|Any CPU = Debug|Any CPU
		Release|Any CPU = Release|Any CPU
	EndGlobalSection
	GlobalSection(ProjectConfigurationPlatforms) = postSolution
		{42D8F37E-165C-4F3F-82B4-290DFEF28D6A}.Debug|Any CPU.ActiveCfg = Debug|Any CPU
		{42D8F37E-165C-4F3F-82B4-290DFEF28D6A}.Debug|Any CPU.Build.0 = Debug|Any CPU
		{42D8F37E-165C-4F3F-82B4-290DFEF28D6A}.Release|Any CPU.ActiveCfg = Release|Any CPU
		{42D8F37E-165C-4F3F-82B4-290DFEF28D6A}.Release|Any CPU.Build.0 = Release|Any CPU
		{2E795894-99E8-4706-9F50-F30F6AB573FD}.Debug|Any CPU.ActiveCfg = Debug|Any CPU
		{2E795894-99E8-4706-9F50-F30F6AB573FD}.Debug|Any CPU.Build.0 = Debug|Any CPU
		{2E795894-99E8-4706-9F50-F30F6AB573FD}.Release|Any CPU.ActiveCfg = Release|Any CPU
		{2E795894-99E8-4706-9F50-F30F6AB573FD}.Release|Any CPU.Build.0 = Release|Any CPU
		{DC8CE94F-8F60-47F3-9E2A-3323DB185D3B}.Debug|Any CPU.ActiveCfg = Debug|Any CPU
		{DC8CE94F-8F60-47F3-9E2A-3323DB185D3B}.Debug|Any CPU.Build.0 = Debug|Any CPU
		{DC8CE94F-8F60-47F3-9E2A-3323DB185D3B}.Release|Any CPU.ActiveCfg = Release|Any CPU
		{DC8CE94F-8F60-47F3-9E2A-3323DB185D3B}.Release|Any CPU.Build.0 = Release|Any CPU
		{1075872F-F4FF-44E4-AD8D-F7925F9AD413}.Debug|Any CPU.ActiveCfg = Debug|Any CPU
		{1075872F-F4FF-44E4-AD8D-F7925F9AD413}.Debug|Any CPU.Build.0 = Debug|Any CPU
		{1075872F-F4FF-44E4-AD8D-F7925F9AD413}.Release|Any CPU.ActiveCfg = Release|Any CPU
		{1075872F-F4FF-44E4-AD8D-F7925F9AD413}.Release|Any CPU.Build.0 = Release|Any CPU
		{60BD7128-A6D6-4E3D-9FAF-F990DB22BD17}.Debug|Any CPU.ActiveCfg = Debug|Any CPU
		{60BD7128-A6D6-4E3D-9FAF-F990DB22BD17}.Debug|Any CPU.Build.0 = Debug|Any CPU
		{60BD7128-A6D6-4E3D-9FAF-F990DB22BD17}.Release|Any CPU.ActiveCfg = Release|Any CPU
		{60BD7128-A6D6-4E3D-9FAF-F990DB22BD17}.Release|Any CPU.Build.0 = Release|Any CPU
		{C3DF66D4-07D6-47DE-9F63-7EA7C923D64D}.Debug|Any CPU.ActiveCfg = Debug|Any CPU
		{C3DF66D4-07D6-47DE-9F63-7EA7C923D64D}.Debug|Any CPU.Build.0 = Debug|Any CPU
		{C3DF66D4-07D6-47DE-9F63-7EA7C923D64D}.Release|Any CPU.ActiveCfg = Release|Any CPU
		{C3DF66D4-07D6-47DE-9F63-7EA7C923D64D}.Release|Any CPU.Build.0 = Release|Any CPU
		{FEC99417-C433-4AFE-938A-DAC5AE6CC6F2}.Debug|Any CPU.ActiveCfg = Debug|Any CPU
		{FEC99417-C433-4AFE-938A-DAC5AE6CC6F2}.Debug|Any CPU.Build.0 = Debug|Any CPU
		{FEC99417-C433-4AFE-938A-DAC5AE6CC6F2}.Release|Any CPU.ActiveCfg = Release|Any CPU
		{FEC99417-C433-4AFE-938A-DAC5AE6CC6F2}.Release|Any CPU.Build.0 = Release|Any CPU
	EndGlobalSection
	GlobalSection(SolutionProperties) = preSolution
		HideSolutionNode = FALSE
	EndGlobalSection
	GlobalSection(ExtensibilityGlobals) = postSolution
		SolutionGuid = {BC9DAABC-3918-4D75-ACD8-9A8462348480}
	EndGlobalSection
EndGlobal
