
Microsoft Visual Studio Solution File, Format Version 12.00
# Visual Studio Version 16
VisualStudioVersion = 16.0.28803.202
MinimumVisualStudioVersion = 10.0.40219.1
Project("{FAE04EC0-301F-11D3-BF4B-00C04F79EFBC}") = "Prikhodko.NewsWebsite.Web", "Prikhodko.NewsWebsite.Web\Prikhodko.NewsWebsite.Web.csproj", "{3179C915-1A07-48EB-835A-D2E3520CA064}"
EndProject
Project("{FAE04EC0-301F-11D3-BF4B-00C04F79EFBC}") = "Prikhodko.NewsWebsite.Services.Contracts", "Prikhodko.NewsWebsite.Services.Contracts\Prikhodko.NewsWebsite.Services.Contracts.csproj", "{9E04CE6F-205D-426C-A4B2-AC14B4F6601B}"
EndProject
Project("{FAE04EC0-301F-11D3-BF4B-00C04F79EFBC}") = "Prikhodko.NewsWebsite.Services", "Prikhodko.NewsWebsite.Services\Prikhodko.NewsWebsite.Services.csproj", "{11FE5897-987C-40CA-A65D-D17F85709C5E}"
EndProject
Project("{FAE04EC0-301F-11D3-BF4B-00C04F79EFBC}") = "Prikhodko.NewsWebsite.DAL.Contracts", "Prikhodko.NewsWebsite.DAL.Contracts\Prikhodko.NewsWebsite.DAL.Contracts.csproj", "{8E7E4E75-7203-4D89-B10A-06493A09A048}"
EndProject
Project("{FAE04EC0-301F-11D3-BF4B-00C04F79EFBC}") = "Prikhodko.NewsWebsite.DAL.EF", "Prikhodko.NewsWebsite.DAL.EF\Prikhodko.NewsWebsite.DAL.EF.csproj", "{CEC2E91B-C184-4972-BF3C-8E13F2627EED}"
EndProject
Project("{FAE04EC0-301F-11D3-BF4B-00C04F79EFBC}") = "Prikhodko.NewsWebsite.Config", "Prikhodko.NewsWebsite.Config\Prikhodko.NewsWebsite.Config.csproj", "{30E6473D-66A2-41A4-A17D-377AB527FAE5}"
EndProject
Project("{FAE04EC0-301F-11D3-BF4B-00C04F79EFBC}") = "Prikhodko.NewsWebsite.CommonModels", "Prikhodko.NewsWebsite.CommonModels\Prikhodko.NewsWebsite.CommonModels.csproj", "{E8B357CF-90EC-4523-9389-5BF7BBFE934D}"
EndProject
Global
	GlobalSection(SolutionConfigurationPlatforms) = preSolution
		Debug|Any CPU = Debug|Any CPU
		Release|Any CPU = Release|Any CPU
	EndGlobalSection
	GlobalSection(ProjectConfigurationPlatforms) = postSolution
		{3179C915-1A07-48EB-835A-D2E3520CA064}.Debug|Any CPU.ActiveCfg = Debug|Any CPU
		{3179C915-1A07-48EB-835A-D2E3520CA064}.Debug|Any CPU.Build.0 = Debug|Any CPU
		{3179C915-1A07-48EB-835A-D2E3520CA064}.Release|Any CPU.ActiveCfg = Release|Any CPU
		{3179C915-1A07-48EB-835A-D2E3520CA064}.Release|Any CPU.Build.0 = Release|Any CPU
		{9E04CE6F-205D-426C-A4B2-AC14B4F6601B}.Debug|Any CPU.ActiveCfg = Debug|Any CPU
		{9E04CE6F-205D-426C-A4B2-AC14B4F6601B}.Debug|Any CPU.Build.0 = Debug|Any CPU
		{9E04CE6F-205D-426C-A4B2-AC14B4F6601B}.Release|Any CPU.ActiveCfg = Release|Any CPU
		{9E04CE6F-205D-426C-A4B2-AC14B4F6601B}.Release|Any CPU.Build.0 = Release|Any CPU
		{11FE5897-987C-40CA-A65D-D17F85709C5E}.Debug|Any CPU.ActiveCfg = Debug|Any CPU
		{11FE5897-987C-40CA-A65D-D17F85709C5E}.Debug|Any CPU.Build.0 = Debug|Any CPU
		{11FE5897-987C-40CA-A65D-D17F85709C5E}.Release|Any CPU.ActiveCfg = Release|Any CPU
		{11FE5897-987C-40CA-A65D-D17F85709C5E}.Release|Any CPU.Build.0 = Release|Any CPU
		{8E7E4E75-7203-4D89-B10A-06493A09A048}.Debug|Any CPU.ActiveCfg = Debug|Any CPU
		{8E7E4E75-7203-4D89-B10A-06493A09A048}.Debug|Any CPU.Build.0 = Debug|Any CPU
		{8E7E4E75-7203-4D89-B10A-06493A09A048}.Release|Any CPU.ActiveCfg = Release|Any CPU
		{8E7E4E75-7203-4D89-B10A-06493A09A048}.Release|Any CPU.Build.0 = Release|Any CPU
		{CEC2E91B-C184-4972-BF3C-8E13F2627EED}.Debug|Any CPU.ActiveCfg = Debug|Any CPU
		{CEC2E91B-C184-4972-BF3C-8E13F2627EED}.Debug|Any CPU.Build.0 = Debug|Any CPU
		{CEC2E91B-C184-4972-BF3C-8E13F2627EED}.Release|Any CPU.ActiveCfg = Release|Any CPU
		{CEC2E91B-C184-4972-BF3C-8E13F2627EED}.Release|Any CPU.Build.0 = Release|Any CPU
		{30E6473D-66A2-41A4-A17D-377AB527FAE5}.Debug|Any CPU.ActiveCfg = Debug|Any CPU
		{30E6473D-66A2-41A4-A17D-377AB527FAE5}.Debug|Any CPU.Build.0 = Debug|Any CPU
		{30E6473D-66A2-41A4-A17D-377AB527FAE5}.Release|Any CPU.ActiveCfg = Release|Any CPU
		{30E6473D-66A2-41A4-A17D-377AB527FAE5}.Release|Any CPU.Build.0 = Release|Any CPU
		{E8B357CF-90EC-4523-9389-5BF7BBFE934D}.Debug|Any CPU.ActiveCfg = Debug|Any CPU
		{E8B357CF-90EC-4523-9389-5BF7BBFE934D}.Debug|Any CPU.Build.0 = Debug|Any CPU
		{E8B357CF-90EC-4523-9389-5BF7BBFE934D}.Release|Any CPU.ActiveCfg = Release|Any CPU
		{E8B357CF-90EC-4523-9389-5BF7BBFE934D}.Release|Any CPU.Build.0 = Release|Any CPU
	EndGlobalSection
	GlobalSection(SolutionProperties) = preSolution
		HideSolutionNode = FALSE
	EndGlobalSection
	GlobalSection(ExtensibilityGlobals) = postSolution
		SolutionGuid = {DF8F7113-1819-4AD2-8005-DABABF47949D}
	EndGlobalSection
EndGlobal
