
Microsoft Visual Studio Solution File, Format Version 12.00
# Visual Studio 15
VisualStudioVersion = 15.0.28307.489
MinimumVisualStudioVersion = 10.0.40219.1
Project("{FAE04EC0-301F-11D3-BF4B-00C04F79EFBC}") = "LibraryEditor", "LibraryEditor\LibraryEditor.csproj", "{EAC0A394-46C4-4498-8A81-4561C6F3EF28}"
EndProject
Global
	GlobalSection(SolutionConfigurationPlatforms) = preSolution
		Debug|Any CPU = Debug|Any CPU
		Release|Any CPU = Release|Any CPU
	EndGlobalSection
	GlobalSection(ProjectConfigurationPlatforms) = postSolution
		{EAC0A394-46C4-4498-8A81-4561C6F3EF28}.Debug|Any CPU.ActiveCfg = Debug|Any CPU
		{EAC0A394-46C4-4498-8A81-4561C6F3EF28}.Debug|Any CPU.Build.0 = Debug|Any CPU
		{EAC0A394-46C4-4498-8A81-4561C6F3EF28}.Release|Any CPU.ActiveCfg = Release|Any CPU
		{EAC0A394-46C4-4498-8A81-4561C6F3EF28}.Release|Any CPU.Build.0 = Release|Any CPU
	EndGlobalSection
	GlobalSection(SolutionProperties) = preSolution
		HideSolutionNode = FALSE
	EndGlobalSection
	GlobalSection(ExtensibilityGlobals) = postSolution
		SolutionGuid = {C8B6388B-1BB4-4326-A4A9-85B5792CF1F8}
	EndGlobalSection
EndGlobal
