
Microsoft Visual Studio Solution File, Format Version 12.00
# Visual Studio Version 16
VisualStudioVersion = 16.0.28803.156
MinimumVisualStudioVersion = 10.0.40219.1
Project("{FAE04EC0-301F-11D3-BF4B-00C04F79EFBC}") = "Prikhodko._5thLab", "Prikhodko._5thLab\Prikhodko._5thLab.csproj", "{D47FAF19-0802-4DC0-A9D3-7D94D0BDFF4C}"
EndProject
Global
	GlobalSection(SolutionConfigurationPlatforms) = preSolution
		Debug|Any CPU = Debug|Any CPU
		Release|Any CPU = Release|Any CPU
	EndGlobalSection
	GlobalSection(ProjectConfigurationPlatforms) = postSolution
		{D47FAF19-0802-4DC0-A9D3-7D94D0BDFF4C}.Debug|Any CPU.ActiveCfg = Debug|Any CPU
		{D47FAF19-0802-4DC0-A9D3-7D94D0BDFF4C}.Debug|Any CPU.Build.0 = Debug|Any CPU
		{D47FAF19-0802-4DC0-A9D3-7D94D0BDFF4C}.Release|Any CPU.ActiveCfg = Release|Any CPU
		{D47FAF19-0802-4DC0-A9D3-7D94D0BDFF4C}.Release|Any CPU.Build.0 = Release|Any CPU
	EndGlobalSection
	GlobalSection(SolutionProperties) = preSolution
		HideSolutionNode = FALSE
	EndGlobalSection
	GlobalSection(ExtensibilityGlobals) = postSolution
		SolutionGuid = {BC97EC92-9CD1-4ACE-BC02-4A7E202191DE}
	EndGlobalSection
EndGlobal
