
Microsoft Visual Studio Solution File, Format Version 12.00
# Visual Studio 15
VisualStudioVersion = 15.0.28307.136
MinimumVisualStudioVersion = 10.0.40219.1
Project("{FAE04EC0-301F-11D3-BF4B-00C04F79EFBC}") = "Prikhodko.BookCatalogue.Data.Contracts", "BookCatalogue\Prikhodko.BookCatalogue.Data.Contracts.csproj", "{2728AF8F-1825-4FAC-8ACA-3EBBAEF08AA2}"
EndProject
Project("{FAE04EC0-301F-11D3-BF4B-00C04F79EFBC}") = "Prikhodko.BookCatalogue.PL", "BookEditWebpage\Prikhodko.BookCatalogue.PL.csproj", "{D29EE2ED-CA76-4140-9F31-13765B0AEBC1}"
EndProject
Project("{FAE04EC0-301F-11D3-BF4B-00C04F79EFBC}") = "Prikhodko.BookCatalogue.Config", "BookCatalogue.Config\Prikhodko.BookCatalogue.Config.csproj", "{C731B316-017A-4E70-9D55-85B2CE6A0A8D}"
EndProject
Project("{FAE04EC0-301F-11D3-BF4B-00C04F79EFBC}") = "Prikhodko.BookCatalogue.Data.EF", "Prikhodko.BookCatalogue.Data.EF\Prikhodko.BookCatalogue.Data.EF.csproj", "{89A377ED-7D8E-4EF4-9CEB-D1847A014157}"
EndProject
Project("{FAE04EC0-301F-11D3-BF4B-00C04F79EFBC}") = "Prikhodko.BookCatalogue.Service.Contracts", "Prikhodko.BookCatalogue.Service.Contracts\Prikhodko.BookCatalogue.Service.Contracts.csproj", "{FCC929BF-18C1-4AD1-86C6-04EED1EA64C8}"
EndProject
Project("{FAE04EC0-301F-11D3-BF4B-00C04F79EFBC}") = "Prikhodko.BookCatalogue.Service", "Prikhodko.BookCatalogue.Service\Prikhodko.BookCatalogue.Service.csproj", "{6789E26B-594D-4558-A96A-BC5B1505A0D5}"
EndProject
Project("{2150E333-8FDC-42A3-9474-1A3956D46DE8}") = "Tests", "Tests", "{FBEF3F4F-57B6-461F-809A-4F903D3417A7}"
EndProject
Global
	GlobalSection(SolutionConfigurationPlatforms) = preSolution
		Debug|Any CPU = Debug|Any CPU
		Release|Any CPU = Release|Any CPU
	EndGlobalSection
	GlobalSection(ProjectConfigurationPlatforms) = postSolution
		{2728AF8F-1825-4FAC-8ACA-3EBBAEF08AA2}.Debug|Any CPU.ActiveCfg = Debug|Any CPU
		{2728AF8F-1825-4FAC-8ACA-3EBBAEF08AA2}.Debug|Any CPU.Build.0 = Debug|Any CPU
		{2728AF8F-1825-4FAC-8ACA-3EBBAEF08AA2}.Release|Any CPU.ActiveCfg = Release|Any CPU
		{2728AF8F-1825-4FAC-8ACA-3EBBAEF08AA2}.Release|Any CPU.Build.0 = Release|Any CPU
		{D29EE2ED-CA76-4140-9F31-13765B0AEBC1}.Debug|Any CPU.ActiveCfg = Debug|Any CPU
		{D29EE2ED-CA76-4140-9F31-13765B0AEBC1}.Debug|Any CPU.Build.0 = Debug|Any CPU
		{D29EE2ED-CA76-4140-9F31-13765B0AEBC1}.Release|Any CPU.ActiveCfg = Release|Any CPU
		{D29EE2ED-CA76-4140-9F31-13765B0AEBC1}.Release|Any CPU.Build.0 = Release|Any CPU
		{C731B316-017A-4E70-9D55-85B2CE6A0A8D}.Debug|Any CPU.ActiveCfg = Debug|Any CPU
		{C731B316-017A-4E70-9D55-85B2CE6A0A8D}.Debug|Any CPU.Build.0 = Debug|Any CPU
		{C731B316-017A-4E70-9D55-85B2CE6A0A8D}.Release|Any CPU.ActiveCfg = Release|Any CPU
		{C731B316-017A-4E70-9D55-85B2CE6A0A8D}.Release|Any CPU.Build.0 = Release|Any CPU
		{89A377ED-7D8E-4EF4-9CEB-D1847A014157}.Debug|Any CPU.ActiveCfg = Debug|Any CPU
		{89A377ED-7D8E-4EF4-9CEB-D1847A014157}.Debug|Any CPU.Build.0 = Debug|Any CPU
		{89A377ED-7D8E-4EF4-9CEB-D1847A014157}.Release|Any CPU.ActiveCfg = Release|Any CPU
		{89A377ED-7D8E-4EF4-9CEB-D1847A014157}.Release|Any CPU.Build.0 = Release|Any CPU
		{FCC929BF-18C1-4AD1-86C6-04EED1EA64C8}.Debug|Any CPU.ActiveCfg = Debug|Any CPU
		{FCC929BF-18C1-4AD1-86C6-04EED1EA64C8}.Debug|Any CPU.Build.0 = Debug|Any CPU
		{FCC929BF-18C1-4AD1-86C6-04EED1EA64C8}.Release|Any CPU.ActiveCfg = Release|Any CPU
		{FCC929BF-18C1-4AD1-86C6-04EED1EA64C8}.Release|Any CPU.Build.0 = Release|Any CPU
		{6789E26B-594D-4558-A96A-BC5B1505A0D5}.Debug|Any CPU.ActiveCfg = Debug|Any CPU
		{6789E26B-594D-4558-A96A-BC5B1505A0D5}.Debug|Any CPU.Build.0 = Debug|Any CPU
		{6789E26B-594D-4558-A96A-BC5B1505A0D5}.Release|Any CPU.ActiveCfg = Release|Any CPU
		{6789E26B-594D-4558-A96A-BC5B1505A0D5}.Release|Any CPU.Build.0 = Release|Any CPU
	EndGlobalSection
	GlobalSection(SolutionProperties) = preSolution
		HideSolutionNode = FALSE
	EndGlobalSection
	GlobalSection(ExtensibilityGlobals) = postSolution
		SolutionGuid = {F8DAFB7C-011E-42FA-90A8-FB0BBD16F64C}
	EndGlobalSection
EndGlobal
